
Microsoft Visual Studio Solution File, Format Version 12.00
# Visual Studio Version 16
VisualStudioVersion = 16.0.29409.12
MinimumVisualStudioVersion = 10.0.40219.1
Project("{FAE04EC0-301F-11D3-BF4B-00C04F79EFBC}") = "OnFire", "OnFire\OnFire.csproj", "{A32ED3B1-CEB1-40F4-91E9-DCFE1B1C4A42}"
EndProject
Global
	GlobalSection(SolutionConfigurationPlatforms) = preSolution
		Debug|Any CPU = Debug|Any CPU
		Release|Any CPU = Release|Any CPU
	EndGlobalSection
	GlobalSection(ProjectConfigurationPlatforms) = postSolution
		{A32ED3B1-CEB1-40F4-91E9-DCFE1B1C4A42}.Debug|Any CPU.ActiveCfg = Debug|Any CPU
		{A32ED3B1-CEB1-40F4-91E9-DCFE1B1C4A42}.Debug|Any CPU.Build.0 = Debug|Any CPU
		{A32ED3B1-CEB1-40F4-91E9-DCFE1B1C4A42}.Release|Any CPU.ActiveCfg = Release|Any CPU
		{A32ED3B1-CEB1-40F4-91E9-DCFE1B1C4A42}.Release|Any CPU.Build.0 = Release|Any CPU
	EndGlobalSection
	GlobalSection(SolutionProperties) = preSolution
		HideSolutionNode = FALSE
	EndGlobalSection
	GlobalSection(ExtensibilityGlobals) = postSolution
		SolutionGuid = {5ECC1966-5662-4C85-80C1-B36374528C86}
	EndGlobalSection
EndGlobal
